
Microsoft Visual Studio Solution File, Format Version 12.00
# Visual Studio Version 16
VisualStudioVersion = 16.0.32407.337
MinimumVisualStudioVersion = 10.0.40219.1
Project("{FAE04EC0-301F-11D3-BF4B-00C04F79EFBC}") = "sistema que diz o primeiro e ultimo nome do usuario", "sistema que diz o primeiro e ultimo nome do usuario.csproj", "{A7572CB9-EF81-4225-A0CA-CCABC85CBB12}"
EndProject
Global
	GlobalSection(SolutionConfigurationPlatforms) = preSolution
		Debug|Any CPU = Debug|Any CPU
		Release|Any CPU = Release|Any CPU
	EndGlobalSection
	GlobalSection(ProjectConfigurationPlatforms) = postSolution
		{A7572CB9-EF81-4225-A0CA-CCABC85CBB12}.Debug|Any CPU.ActiveCfg = Debug|Any CPU
		{A7572CB9-EF81-4225-A0CA-CCABC85CBB12}.Debug|Any CPU.Build.0 = Debug|Any CPU
		{A7572CB9-EF81-4225-A0CA-CCABC85CBB12}.Release|Any CPU.ActiveCfg = Release|Any CPU
		{A7572CB9-EF81-4225-A0CA-CCABC85CBB12}.Release|Any CPU.Build.0 = Release|Any CPU
	EndGlobalSection
	GlobalSection(SolutionProperties) = preSolution
		HideSolutionNode = FALSE
	EndGlobalSection
	GlobalSection(ExtensibilityGlobals) = postSolution
		SolutionGuid = {CBA1F6D1-F900-4E5C-B7D3-32A6D8509067}
	EndGlobalSection
EndGlobal
